
Microsoft Visual Studio Solution File, Format Version 12.00
# Visual Studio Version 17
VisualStudioVersion = 17.3.32825.248
MinimumVisualStudioVersion = 10.0.40219.1
Project("{FAE04EC0-301F-11D3-BF4B-00C04F79EFBC}") = "ROT-Content", "ROT-Content.csproj", "{16AFDD33-39FC-490F-BE76-0DFF32977930}"
EndProject
Global
	GlobalSection(SolutionConfigurationPlatforms) = preSolution
		Debug|x64 = Debug|x64
		Release|x64 = Release|x64
	EndGlobalSection
	GlobalSection(ProjectConfigurationPlatforms) = postSolution
		{16AFDD33-39FC-490F-BE76-0DFF32977930}.Debug|x64.ActiveCfg = Debug|x64
		{16AFDD33-39FC-490F-BE76-0DFF32977930}.Debug|x64.Build.0 = Debug|x64
		{16AFDD33-39FC-490F-BE76-0DFF32977930}.Release|x64.ActiveCfg = Release|x64
		{16AFDD33-39FC-490F-BE76-0DFF32977930}.Release|x64.Build.0 = Release|x64
	EndGlobalSection
	GlobalSection(SolutionProperties) = preSolution
		HideSolutionNode = FALSE
	EndGlobalSection
	GlobalSection(ExtensibilityGlobals) = postSolution
		SolutionGuid = {26D072E9-15E9-40D8-BCB4-BCC7ED14F002}
	EndGlobalSection
EndGlobal
